
Microsoft Visual Studio Solution File, Format Version 12.00
# Visual Studio Version 17
VisualStudioVersion = 17.11.35312.102
MinimumVisualStudioVersion = 10.0.40219.1
Project("{9A19103F-16F7-4668-BE54-9A1E7A4F7556}") = "SharpOrm", "SharpOrm\SharpOrm.csproj", "{F6B2481A-6E38-4B1B-B6A5-956B995EFE99}"
EndProject
Project("{9A19103F-16F7-4668-BE54-9A1E7A4F7556}") = "UnityTest", "UnityTest\UnityTest.csproj", "{5B70EB2A-F9F7-4E20-AD09-4220F0EE7E24}"
EndProject
Project("{9A19103F-16F7-4668-BE54-9A1E7A4F7556}") = "SharpOrm.QueryTest", "SharpOrm.QueryTest\SharpOrm.QueryTest.csproj", "{EFDF029F-AA90-4089-9973-0974B10FC1CA}"
EndProject
Global
	GlobalSection(SolutionConfigurationPlatforms) = preSolution
		Debug|Any CPU = Debug|Any CPU
		Release|Any CPU = Release|Any CPU
	EndGlobalSection
	GlobalSection(ProjectConfigurationPlatforms) = postSolution
		{F6B2481A-6E38-4B1B-B6A5-956B995EFE99}.Debug|Any CPU.ActiveCfg = Debug|Any CPU
		{F6B2481A-6E38-4B1B-B6A5-956B995EFE99}.Debug|Any CPU.Build.0 = Debug|Any CPU
		{F6B2481A-6E38-4B1B-B6A5-956B995EFE99}.Release|Any CPU.ActiveCfg = Release|Any CPU
		{F6B2481A-6E38-4B1B-B6A5-956B995EFE99}.Release|Any CPU.Build.0 = Release|Any CPU
		{5B70EB2A-F9F7-4E20-AD09-4220F0EE7E24}.Debug|Any CPU.ActiveCfg = Debug|Any CPU
		{5B70EB2A-F9F7-4E20-AD09-4220F0EE7E24}.Debug|Any CPU.Build.0 = Debug|Any CPU
		{5B70EB2A-F9F7-4E20-AD09-4220F0EE7E24}.Release|Any CPU.ActiveCfg = Release|Any CPU
		{5B70EB2A-F9F7-4E20-AD09-4220F0EE7E24}.Release|Any CPU.Build.0 = Release|Any CPU
		{EFDF029F-AA90-4089-9973-0974B10FC1CA}.Debug|Any CPU.ActiveCfg = Debug|Any CPU
		{EFDF029F-AA90-4089-9973-0974B10FC1CA}.Debug|Any CPU.Build.0 = Debug|Any CPU
		{EFDF029F-AA90-4089-9973-0974B10FC1CA}.Release|Any CPU.ActiveCfg = Release|Any CPU
		{EFDF029F-AA90-4089-9973-0974B10FC1CA}.Release|Any CPU.Build.0 = Release|Any CPU
	EndGlobalSection
	GlobalSection(SolutionProperties) = preSolution
		HideSolutionNode = FALSE
	EndGlobalSection
	GlobalSection(ExtensibilityGlobals) = postSolution
		SolutionGuid = {DE9D6814-CD03-4623-BDA7-9BC0C6989B4F}
	EndGlobalSection
EndGlobal
